
Microsoft Visual Studio Solution File, Format Version 12.00
# Visual Studio Version 17
VisualStudioVersion = 17.7.34031.279
MinimumVisualStudioVersion = 10.0.40219.1
Project("{FAE04EC0-301F-11D3-BF4B-00C04F79EFBC}") = "ConsoleApp8", "ConsoleApp8\ConsoleApp8.csproj", "{CCD7431E-0B85-4D13-B053-0E2AF5539D71}"
EndProject
Global
	GlobalSection(SolutionConfigurationPlatforms) = preSolution
		Debug|Any CPU = Debug|Any CPU
		Release|Any CPU = Release|Any CPU
	EndGlobalSection
	GlobalSection(ProjectConfigurationPlatforms) = postSolution
		{CCD7431E-0B85-4D13-B053-0E2AF5539D71}.Debug|Any CPU.ActiveCfg = Debug|Any CPU
		{CCD7431E-0B85-4D13-B053-0E2AF5539D71}.Debug|Any CPU.Build.0 = Debug|Any CPU
		{CCD7431E-0B85-4D13-B053-0E2AF5539D71}.Release|Any CPU.ActiveCfg = Release|Any CPU
		{CCD7431E-0B85-4D13-B053-0E2AF5539D71}.Release|Any CPU.Build.0 = Release|Any CPU
	EndGlobalSection
	GlobalSection(SolutionProperties) = preSolution
		HideSolutionNode = FALSE
	EndGlobalSection
	GlobalSection(ExtensibilityGlobals) = postSolution
		SolutionGuid = {1130AE71-F38D-4138-ADB3-139E0829DD3C}
	EndGlobalSection
EndGlobal
